
Microsoft Visual Studio Solution File, Format Version 12.00
# Visual Studio 15
VisualStudioVersion = 15.0.28307.489
MinimumVisualStudioVersion = 10.0.40219.1
Project("{8BC9CEB8-8B4A-11D0-8D11-00A0C91BC942}") = "在一个有序数组中插入一个数", "在一个有序数组中插入一个数\在一个有序数组中插入一个数.vcxproj", "{99F0924A-F3B4-42BB-A8BC-6C83EFC439F8}"
EndProject
Global
	GlobalSection(SolutionConfigurationPlatforms) = preSolution
		Debug|x64 = Debug|x64
		Debug|x86 = Debug|x86
		Release|x64 = Release|x64
		Release|x86 = Release|x86
	EndGlobalSection
	GlobalSection(ProjectConfigurationPlatforms) = postSolution
		{99F0924A-F3B4-42BB-A8BC-6C83EFC439F8}.Debug|x64.ActiveCfg = Debug|x64
		{99F0924A-F3B4-42BB-A8BC-6C83EFC439F8}.Debug|x64.Build.0 = Debug|x64
		{99F0924A-F3B4-42BB-A8BC-6C83EFC439F8}.Debug|x86.ActiveCfg = Debug|Win32
		{99F0924A-F3B4-42BB-A8BC-6C83EFC439F8}.Debug|x86.Build.0 = Debug|Win32
		{99F0924A-F3B4-42BB-A8BC-6C83EFC439F8}.Release|x64.ActiveCfg = Release|x64
		{99F0924A-F3B4-42BB-A8BC-6C83EFC439F8}.Release|x64.Build.0 = Release|x64
		{99F0924A-F3B4-42BB-A8BC-6C83EFC439F8}.Release|x86.ActiveCfg = Release|Win32
		{99F0924A-F3B4-42BB-A8BC-6C83EFC439F8}.Release|x86.Build.0 = Release|Win32
	EndGlobalSection
	GlobalSection(SolutionProperties) = preSolution
		HideSolutionNode = FALSE
	EndGlobalSection
	GlobalSection(ExtensibilityGlobals) = postSolution
		SolutionGuid = {FDC1DBB9-DF8E-4BDA-B052-B6ECC6BD2372}
	EndGlobalSection
EndGlobal
