
Microsoft Visual Studio Solution File, Format Version 12.00
# Visual Studio 15
VisualStudioVersion = 15.0.28307.489
MinimumVisualStudioVersion = 10.0.40219.1
Project("{8BC9CEB8-8B4A-11D0-8D11-00A0C91BC942}") = "输入一串字符，统计出其中空格数字等的个数", "输入一串字符，统计出其中空格数字等的个数\输入一串字符，统计出其中空格数字等的个数.vcxproj", "{6D853ABD-AE7A-4539-B341-5A1545A40F70}"
EndProject
Global
	GlobalSection(SolutionConfigurationPlatforms) = preSolution
		Debug|x64 = Debug|x64
		Debug|x86 = Debug|x86
		Release|x64 = Release|x64
		Release|x86 = Release|x86
	EndGlobalSection
	GlobalSection(ProjectConfigurationPlatforms) = postSolution
		{6D853ABD-AE7A-4539-B341-5A1545A40F70}.Debug|x64.ActiveCfg = Debug|x64
		{6D853ABD-AE7A-4539-B341-5A1545A40F70}.Debug|x64.Build.0 = Debug|x64
		{6D853ABD-AE7A-4539-B341-5A1545A40F70}.Debug|x86.ActiveCfg = Debug|Win32
		{6D853ABD-AE7A-4539-B341-5A1545A40F70}.Debug|x86.Build.0 = Debug|Win32
		{6D853ABD-AE7A-4539-B341-5A1545A40F70}.Release|x64.ActiveCfg = Release|x64
		{6D853ABD-AE7A-4539-B341-5A1545A40F70}.Release|x64.Build.0 = Release|x64
		{6D853ABD-AE7A-4539-B341-5A1545A40F70}.Release|x86.ActiveCfg = Release|Win32
		{6D853ABD-AE7A-4539-B341-5A1545A40F70}.Release|x86.Build.0 = Release|Win32
	EndGlobalSection
	GlobalSection(SolutionProperties) = preSolution
		HideSolutionNode = FALSE
	EndGlobalSection
	GlobalSection(ExtensibilityGlobals) = postSolution
		SolutionGuid = {6F434E30-CF91-488D-B283-5BDE4E7A30E1}
	EndGlobalSection
EndGlobal
