
Microsoft Visual Studio Solution File, Format Version 12.00
# Visual Studio 15
VisualStudioVersion = 15.0.28307.489
MinimumVisualStudioVersion = 10.0.40219.1
Project("{8BC9CEB8-8B4A-11D0-8D11-00A0C91BC942}") = "将4个整数按由小到大的顺序输出", "将4个整数按由小到大的顺序输出\将4个整数按由小到大的顺序输出.vcxproj", "{CD1A0DB4-0C61-44CB-BB36-F8CCD25465C7}"
EndProject
Global
	GlobalSection(SolutionConfigurationPlatforms) = preSolution
		Debug|x64 = Debug|x64
		Debug|x86 = Debug|x86
		Release|x64 = Release|x64
		Release|x86 = Release|x86
	EndGlobalSection
	GlobalSection(ProjectConfigurationPlatforms) = postSolution
		{CD1A0DB4-0C61-44CB-BB36-F8CCD25465C7}.Debug|x64.ActiveCfg = Debug|x64
		{CD1A0DB4-0C61-44CB-BB36-F8CCD25465C7}.Debug|x64.Build.0 = Debug|x64
		{CD1A0DB4-0C61-44CB-BB36-F8CCD25465C7}.Debug|x86.ActiveCfg = Debug|Win32
		{CD1A0DB4-0C61-44CB-BB36-F8CCD25465C7}.Debug|x86.Build.0 = Debug|Win32
		{CD1A0DB4-0C61-44CB-BB36-F8CCD25465C7}.Release|x64.ActiveCfg = Release|x64
		{CD1A0DB4-0C61-44CB-BB36-F8CCD25465C7}.Release|x64.Build.0 = Release|x64
		{CD1A0DB4-0C61-44CB-BB36-F8CCD25465C7}.Release|x86.ActiveCfg = Release|Win32
		{CD1A0DB4-0C61-44CB-BB36-F8CCD25465C7}.Release|x86.Build.0 = Release|Win32
	EndGlobalSection
	GlobalSection(SolutionProperties) = preSolution
		HideSolutionNode = FALSE
	EndGlobalSection
	GlobalSection(ExtensibilityGlobals) = postSolution
		SolutionGuid = {22027EE1-DBF5-46AE-A14A-0868CCC95EF6}
	EndGlobalSection
EndGlobal
